
Microsoft Visual Studio Solution File, Format Version 12.00
# Visual Studio Version 17
VisualStudioVersion = 17.0.31903.59
MinimumVisualStudioVersion = 10.0.40219.1
Project("{2150E333-8FDC-42A3-9474-1A3956D46DE8}") = "src", "src", "{53D6DF1C-6AFE-403A-B712-B39294BA5FB3}"
EndProject
Project("{FAE04EC0-301F-11D3-BF4B-00C04F79EFBC}") = "AuctionService", "src\AuctionService\AuctionService.csproj", "{C022DCC0-10C4-4A3B-98B4-9C2FDAF13BB5}"
EndProject
Project("{FAE04EC0-301F-11D3-BF4B-00C04F79EFBC}") = "SearchService", "src\SearchService\SearchService.csproj", "{D83DB3B6-BBA5-428A-930C-8207DD3B8EB6}"
EndProject
Project("{FAE04EC0-301F-11D3-BF4B-00C04F79EFBC}") = "Contracts", "src\Contracts\Contracts.csproj", "{F1C6E664-9240-4FBD-9C90-0D3D6BE30348}"
EndProject
Global
	GlobalSection(SolutionConfigurationPlatforms) = preSolution
		Debug|Any CPU = Debug|Any CPU
		Release|Any CPU = Release|Any CPU
	EndGlobalSection
	GlobalSection(SolutionProperties) = preSolution
		HideSolutionNode = FALSE
	EndGlobalSection
	GlobalSection(ProjectConfigurationPlatforms) = postSolution
		{C022DCC0-10C4-4A3B-98B4-9C2FDAF13BB5}.Debug|Any CPU.ActiveCfg = Debug|Any CPU
		{C022DCC0-10C4-4A3B-98B4-9C2FDAF13BB5}.Debug|Any CPU.Build.0 = Debug|Any CPU
		{C022DCC0-10C4-4A3B-98B4-9C2FDAF13BB5}.Release|Any CPU.ActiveCfg = Release|Any CPU
		{C022DCC0-10C4-4A3B-98B4-9C2FDAF13BB5}.Release|Any CPU.Build.0 = Release|Any CPU
		{D83DB3B6-BBA5-428A-930C-8207DD3B8EB6}.Debug|Any CPU.ActiveCfg = Debug|Any CPU
		{D83DB3B6-BBA5-428A-930C-8207DD3B8EB6}.Debug|Any CPU.Build.0 = Debug|Any CPU
		{D83DB3B6-BBA5-428A-930C-8207DD3B8EB6}.Release|Any CPU.ActiveCfg = Release|Any CPU
		{D83DB3B6-BBA5-428A-930C-8207DD3B8EB6}.Release|Any CPU.Build.0 = Release|Any CPU
		{F1C6E664-9240-4FBD-9C90-0D3D6BE30348}.Debug|Any CPU.ActiveCfg = Debug|Any CPU
		{F1C6E664-9240-4FBD-9C90-0D3D6BE30348}.Debug|Any CPU.Build.0 = Debug|Any CPU
		{F1C6E664-9240-4FBD-9C90-0D3D6BE30348}.Release|Any CPU.ActiveCfg = Release|Any CPU
		{F1C6E664-9240-4FBD-9C90-0D3D6BE30348}.Release|Any CPU.Build.0 = Release|Any CPU
	EndGlobalSection
	GlobalSection(NestedProjects) = preSolution
		{C022DCC0-10C4-4A3B-98B4-9C2FDAF13BB5} = {53D6DF1C-6AFE-403A-B712-B39294BA5FB3}
		{D83DB3B6-BBA5-428A-930C-8207DD3B8EB6} = {53D6DF1C-6AFE-403A-B712-B39294BA5FB3}
		{F1C6E664-9240-4FBD-9C90-0D3D6BE30348} = {53D6DF1C-6AFE-403A-B712-B39294BA5FB3}
	EndGlobalSection
EndGlobal
